// !$*UTF8*$!
{
	archiveVersion = 1;
	classes = {
	};
	objectVersion = 50;
	objects = {

/* Begin PBXBuildFile section */
		DD5357B5243A194E001EFFD0 /* AppDelegate.swift in Sources */ = {isa = PBXBuildFile; fileRef = DD5357B4243A194E001EFFD0 /* AppDelegate.swift */; };
		DD5357B7243A194E001EFFD0 /* SceneDelegate.swift in Sources */ = {isa = PBXBuildFile; fileRef = DD5357B6243A194E001EFFD0 /* SceneDelegate.swift */; };
		DD5357B9243A194E001EFFD0 /* MemeEditorViewController.swift in Sources */ = {isa = PBXBuildFile; fileRef = DD5357B8243A194E001EFFD0 /* MemeEditorViewController.swift */; };
		DD5357BC243A194E001EFFD0 /* Main.storyboard in Resources */ = {isa = PBXBuildFile; fileRef = DD5357BA243A194E001EFFD0 /* Main.storyboard */; };
		DD5357BE243A1955001EFFD0 /* Assets.xcassets in Resources */ = {isa = PBXBuildFile; fileRef = DD5357BD243A1955001EFFD0 /* Assets.xcassets */; };
		DD5357C1243A1955001EFFD0 /* LaunchScreen.storyboard in Resources */ = {isa = PBXBuildFile; fileRef = DD5357BF243A1955001EFFD0 /* LaunchScreen.storyboard */; };
		DD5617222440BFE100D4575D /* SentMemesTableViewController.swift in Sources */ = {isa = PBXBuildFile; fileRef = DD5617212440BFE100D4575D /* SentMemesTableViewController.swift */; };
		DD5617252440CCDA00D4575D /*  TableViewCell.swift in Sources */ = {isa = PBXBuildFile; fileRef = DD5617242440CCDA00D4575D /*  TableViewCell.swift */; };
		DD5617272440CD5000D4575D /* CollectionViewCell.swift in Sources */ = {isa = PBXBuildFile; fileRef = DD5617262440CD5000D4575D /* CollectionViewCell.swift */; };
		DD5CF4A72440E8C5007DD7F9 /* MemeDetailViewController.swift in Sources */ = {isa = PBXBuildFile; fileRef = DD5CF4A62440E8C5007DD7F9 /* MemeDetailViewController.swift */; };
		DDF90554243BA13100A42C7C /* SentMemesCollectionViewController.swift in Sources */ = {isa = PBXBuildFile; fileRef = DDF90553243BA13100A42C7C /* SentMemesCollectionViewController.swift */; };
		DDFC5A4F243A735F00966D75 /* Meme.swift in Sources */ = {isa = PBXBuildFile; fileRef = DDFC5A4E243A735F00966D75 /* Meme.swift */; };
/* End PBXBuildFile section */

/* Begin PBXFileReference section */
		DD5357B1243A194E001EFFD0 /* JaviMarMemes.app */ = {isa = PBXFileReference; explicitFileType = wrapper.application; includeInIndex = 0; path = JaviMarMemes.app; sourceTree = BUILT_PRODUCTS_DIR; };
		DD5357B4243A194E001EFFD0 /* AppDelegate.swift */ = {isa = PBXFileReference; lastKnownFileType = sourcecode.swift; path = AppDelegate.swift; sourceTree = "<group>"; };
		DD5357B6243A194E001EFFD0 /* SceneDelegate.swift */ = {isa = PBXFileReference; lastKnownFileType = sourcecode.swift; path = SceneDelegate.swift; sourceTree = "<group>"; };
		DD5357B8243A194E001EFFD0 /* MemeEditorViewController.swift */ = {isa = PBXFileReference; lastKnownFileType = sourcecode.swift; path = MemeEditorViewController.swift; sourceTree = "<group>"; };
		DD5357BB243A194E001EFFD0 /* Base */ = {isa = PBXFileReference; lastKnownFileType = file.storyboard; name = Base; path = Base.lproj/Main.storyboard; sourceTree = "<group>"; };
		DD5357BD243A1955001EFFD0 /* Assets.xcassets */ = {isa = PBXFileReference; lastKnownFileType = folder.assetcatalog; path = Assets.xcassets; sourceTree = "<group>"; };
		DD5357C0243A1955001EFFD0 /* Base */ = {isa = PBXFileReference; lastKnownFileType = file.storyboard; name = Base; path = Base.lproj/LaunchScreen.storyboard; sourceTree = "<group>"; };
		DD5357C2243A1955001EFFD0 /* Info.plist */ = {isa = PBXFileReference; lastKnownFileType = text.plist.xml; path = Info.plist; sourceTree = "<group>"; };
		DD5617212440BFE100D4575D /* SentMemesTableViewController.swift */ = {isa = PBXFileReference; lastKnownFileType = sourcecode.swift; path = SentMemesTableViewController.swift; sourceTree = "<group>"; };
		DD5617242440CCDA00D4575D /*  TableViewCell.swift */ = {isa = PBXFileReference; lastKnownFileType = sourcecode.swift; path = " TableViewCell.swift"; sourceTree = "<group>"; };
		DD5617262440CD5000D4575D /* CollectionViewCell.swift */ = {isa = PBXFileReference; lastKnownFileType = sourcecode.swift; path = CollectionViewCell.swift; sourceTree = "<group>"; };
		DD5CF4A62440E8C5007DD7F9 /* MemeDetailViewController.swift */ = {isa = PBXFileReference; lastKnownFileType = sourcecode.swift; path = MemeDetailViewController.swift; sourceTree = "<group>"; };
		DDF90553243BA13100A42C7C /* SentMemesCollectionViewController.swift */ = {isa = PBXFileReference; lastKnownFileType = sourcecode.swift; path = SentMemesCollectionViewController.swift; sourceTree = "<group>"; };
		DDFC5A4E243A735F00966D75 /* Meme.swift */ = {isa = PBXFileReference; lastKnownFileType = sourcecode.swift; path = Meme.swift; sourceTree = "<group>"; };
/* End PBXFileReference section */

/* Begin PBXFrameworksBuildPhase section */
		DD5357AE243A194E001EFFD0 /* Frameworks */ = {
			isa = PBXFrameworksBuildPhase;
			buildActionMask = 2147483647;
			files = (
			);
			runOnlyForDeploymentPostprocessing = 0;
		};
/* End PBXFrameworksBuildPhase section */

/* Begin PBXGroup section */
		DD5357A8243A194E001EFFD0 = {
			isa = PBXGroup;
			children = (
				DD5357B3243A194E001EFFD0 /* JaviMarMemes */,
				DD5357B2243A194E001EFFD0 /* Products */,
			);
			sourceTree = "<group>";
		};
		DD5357B2243A194E001EFFD0 /* Products */ = {
			isa = PBXGroup;
			children = (
				DD5357B1243A194E001EFFD0 /* JaviMarMemes.app */,
			);
			name = Products;
			sourceTree = "<group>";
		};
		DD5357B3243A194E001EFFD0 /* JaviMarMemes */ = {
			isa = PBXGroup;
			children = (
				DD5BE9F62441CF3A00953E98 /* ViewControllers */,
				DD5617232440CCAC00D4575D /* view */,
				DDFC5A4D243A732F00966D75 /* model */,
				DD5357B4243A194E001EFFD0 /* AppDelegate.swift */,
				DD5357B6243A194E001EFFD0 /* SceneDelegate.swift */,
				DD5357BA243A194E001EFFD0 /* Main.storyboard */,
				DD5357BD243A1955001EFFD0 /* Assets.xcassets */,
				DD5357BF243A1955001EFFD0 /* LaunchScreen.storyboard */,
				DD5357C2243A1955001EFFD0 /* Info.plist */,
			);
			path = JaviMarMemes;
			sourceTree = "<group>";
		};
		DD5617232440CCAC00D4575D /* view */ = {
			isa = PBXGroup;
			children = (
				DD5617242440CCDA00D4575D /*  TableViewCell.swift */,
				DD5617262440CD5000D4575D /* CollectionViewCell.swift */,
			);
			path = view;
			sourceTree = "<group>";
		};
		DD5BE9F62441CF3A00953E98 /* ViewControllers */ = {
			isa = PBXGroup;
			children = (
				DD5357B8243A194E001EFFD0 /* MemeEditorViewController.swift */,
				DD5617212440BFE100D4575D /* SentMemesTableViewController.swift */,
				DDF90553243BA13100A42C7C /* SentMemesCollectionViewController.swift */,
				DD5CF4A62440E8C5007DD7F9 /* MemeDetailViewController.swift */,
			);
			path = ViewControllers;
			sourceTree = "<group>";
		};
		DDFC5A4D243A732F00966D75 /* model */ = {
			isa = PBXGroup;
			children = (
				DDFC5A4E243A735F00966D75 /* Meme.swift */,
			);
			path = model;
			sourceTree = "<group>";
		};
/* End PBXGroup section */

/* Begin PBXNativeTarget section */
		DD5357B0243A194E001EFFD0 /* JaviMarMemes */ = {
			isa = PBXNativeTarget;
			buildConfigurationList = DD5357C5243A1955001EFFD0 /* Build configuration list for PBXNativeTarget "JaviMarMemes" */;
			buildPhases = (
				DD5357AD243A194E001EFFD0 /* Sources */,
				DD5357AE243A194E001EFFD0 /* Frameworks */,
				DD5357AF243A194E001EFFD0 /* Resources */,
			);
			buildRules = (
			);
			dependencies = (
			);
			name = JaviMarMemes;
			productName = JaviMarMemes;
			productReference = DD5357B1243A194E001EFFD0 /* JaviMarMemes.app */;
			productType = "com.apple.product-type.application";
		};
/* End PBXNativeTarget section */

/* Begin PBXProject section */
		DD5357A9243A194E001EFFD0 /* Project object */ = {
			isa = PBXProject;
			attributes = {
				LastSwiftUpdateCheck = 1140;
				LastUpgradeCheck = 1140;
				ORGANIZATIONNAME = JaviMar;
				TargetAttributes = {
					DD5357B0243A194E001EFFD0 = {
						CreatedOnToolsVersion = 11.4;
					};
				};
			};
			buildConfigurationList = DD5357AC243A194E001EFFD0 /* Build configuration list for PBXProject "JaviMarMemes" */;
			compatibilityVersion = "Xcode 9.3";
			developmentRegion = en;
			hasScannedForEncodings = 0;
			knownRegions = (
				en,
				Base,
			);
			mainGroup = DD5357A8243A194E001EFFD0;
			productRefGroup = DD5357B2243A194E001EFFD0 /* Products */;
			projectDirPath = "";
			projectRoot = "";
			targets = (
				DD5357B0243A194E001EFFD0 /* JaviMarMemes */,
			);
		};
/* End PBXProject section */

/* Begin PBXResourcesBuildPhase section */
		DD5357AF243A194E001EFFD0 /* Resources */ = {
			isa = PBXResourcesBuildPhase;
			buildActionMask = 2147483647;
			files = (
				DD5357C1243A1955001EFFD0 /* LaunchScreen.storyboard in Resources */,
				DD5357BE243A1955001EFFD0 /* Assets.xcassets in Resources */,
				DD5357BC243A194E001EFFD0 /* Main.storyboard in Resources */,
			);
			runOnlyForDeploymentPostprocessing = 0;
		};
/* End PBXResourcesBuildPhase section */

/* Begin PBXSourcesBuildPhase section */
		DD5357AD243A194E001EFFD0 /* Sources */ = {
			isa = PBXSourcesBuildPhase;
			buildActionMask = 2147483647;
			files = (
				DD5CF4A72440E8C5007DD7F9 /* MemeDetailViewController.swift in Sources */,
				DD5357B9243A194E001EFFD0 /* MemeEditorViewController.swift in Sources */,
				DD5617222440BFE100D4575D /* SentMemesTableViewController.swift in Sources */,
				DD5617272440CD5000D4575D /* CollectionViewCell.swift in Sources */,
				DDFC5A4F243A735F00966D75 /* Meme.swift in Sources */,
				DD5617252440CCDA00D4575D /*  TableViewCell.swift in Sources */,
				DDF90554243BA13100A42C7C /* SentMemesCollectionViewController.swift in Sources */,
				DD5357B5243A194E001EFFD0 /* AppDelegate.swift in Sources */,
				DD5357B7243A194E001EFFD0 /* SceneDelegate.swift in Sources */,
			);
			runOnlyForDeploymentPostprocessing = 0;
		};
/* End PBXSourcesBuildPhase section */

/* Begin PBXVariantGroup section */
		DD5357BA243A194E001EFFD0 /* Main.storyboard */ = {
			isa = PBXVariantGroup;
			children = (
				DD5357BB243A194E001EFFD0 /* Base */,
			);
			name = Main.storyboard;
			sourceTree = "<group>";
		};
		DD5357BF243A1955001EFFD0 /* LaunchScreen.storyboard */ = {
			isa = PBXVariantGroup;
			children = (
				DD5357C0243A1955001EFFD0 /* Base */,
			);
			name = LaunchScreen.storyboard;
			sourceTree = "<group>";
		};
/* End PBXVariantGroup section */

/* Begin XCBuildConfiguration section */
		DD5357C3243A1955001EFFD0 /* Debug */ = {
			isa = XCBuildConfiguration;
			buildSettings = {
				ALWAYS_SEARCH_USER_PATHS = NO;
				CLANG_ANALYZER_NONNULL = YES;
				CLANG_ANALYZER_NUMBER_OBJECT_CONVERSION = YES_AGGRESSIVE;
				CLANG_CXX_LANGUAGE_STANDARD = "gnu++14";
				CLANG_CXX_LIBRARY = "libc++";
				CLANG_ENABLE_MODULES = YES;
				CLANG_ENABLE_OBJC_ARC = YES;
				CLANG_ENABLE_OBJC_WEAK = YES;
				CLANG_WARN_BLOCK_CAPTURE_AUTORELEASING = YES;
				CLANG_WARN_BOOL_CONVERSION = YES;
				CLANG_WARN_COMMA = YES;
				CLANG_WARN_CONSTANT_CONVERSION = YES;
				CLANG_WARN_DEPRECATED_OBJC_IMPLEMENTATIONS = YES;
				CLANG_WARN_DIRECT_OBJC_ISA_USAGE = YES_ERROR;
				CLANG_WARN_DOCUMENTATION_COMMENTS = YES;
				CLANG_WARN_EMPTY_BODY = YES;
				CLANG_WARN_ENUM_CONVERSION = YES;
				CLANG_WARN_INFINITE_RECURSION = YES;
				CLANG_WARN_INT_CONVERSION = YES;
				CLANG_WARN_NON_LITERAL_NULL_CONVERSION = YES;
				CLANG_WARN_OBJC_IMPLICIT_RETAIN_SELF = YES;
				CLANG_WARN_OBJC_LITERAL_CONVERSION = YES;
				CLANG_WARN_OBJC_ROOT_CLASS = YES_ERROR;
				CLANG_WARN_RANGE_LOOP_ANALYSIS = YES;
				CLANG_WARN_STRICT_PROTOTYPES = YES;
				CLANG_WARN_SUSPICIOUS_MOVE = YES;
				CLANG_WARN_UNGUARDED_AVAILABILITY = YES_AGGRESSIVE;
				CLANG_WARN_UNREACHABLE_CODE = YES;
				CLANG_WARN__DUPLICATE_METHOD_MATCH = YES;
				COPY_PHASE_STRIP = NO;
				DEBUG_INFORMATION_FORMAT = dwarf;
				ENABLE_STRICT_OBJC_MSGSEND = YES;
				ENABLE_TESTABILITY = YES;
				GCC_C_LANGUAGE_STANDARD = gnu11;
				GCC_DYNAMIC_NO_PIC = NO;
				GCC_NO_COMMON_BLOCKS = YES;
				GCC_OPTIMIZATION_LEVEL = 0;
				GCC_PREPROCESSOR_DEFINITIONS = (
					"DEBUG=1",
					"$(inherited)",
				);
				GCC_WARN_64_TO_32_BIT_CONVERSION = YES;
				GCC_WARN_ABOUT_RETURN_TYPE = YES_ERROR;
				GCC_WARN_UNDECLARED_SELECTOR = YES;
				GCC_WARN_UNINITIALIZED_AUTOS = YES_AGGRESSIVE;
				GCC_WARN_UNUSED_FUNCTION = YES;
				GCC_WARN_UNUSED_VARIABLE = YES;
				IPHONEOS_DEPLOYMENT_TARGET = 13.4;
				MTL_ENABLE_DEBUG_INFO = INCLUDE_SOURCE;
				MTL_FAST_MATH = YES;
				ONLY_ACTIVE_ARCH = YES;
				SDKROOT = iphoneos;
				SWIFT_ACTIVE_COMPILATION_CONDITIONS = DEBUG;
				SWIFT_OPTIMIZATION_LEVEL = "-Onone";
			};
			name = Debug;
		};
		DD5357C4243A1955001EFFD0 /* Release */ = {
			isa = XCBuildConfiguration;
			buildSettings = {
				ALWAYS_SEARCH_USER_PATHS = NO;
				CLANG_ANALYZER_NONNULL = YES;
				CLANG_ANALYZER_NUMBER_OBJECT_CONVERSION = YES_AGGRESSIVE;
				CLANG_CXX_LANGUAGE_STANDARD = "gnu++14";
				CLANG_CXX_LIBRARY = "libc++";
				CLANG_ENABLE_MODULES = YES;
				CLANG_ENABLE_OBJC_ARC = YES;
				CLANG_ENABLE_OBJC_WEAK = YES;
				CLANG_WARN_BLOCK_CAPTURE_AUTORELEASING = YES;
				CLANG_WARN_BOOL_CONVERSION = YES;
				CLANG_WARN_COMMA = YES;
				CLANG_WARN_CONSTANT_CONVERSION = YES;
				CLANG_WARN_DEPRECATED_OBJC_IMPLEMENTATIONS = YES;
				CLANG_WARN_DIRECT_OBJC_ISA_USAGE = YES_ERROR;
				CLANG_WARN_DOCUMENTATION_COMMENTS = YES;
				CLANG_WARN_EMPTY_BODY = YES;
				CLANG_WARN_ENUM_CONVERSION = YES;
				CLANG_WARN_INFINITE_RECURSION = YES;
				CLANG_WARN_INT_CONVERSION = YES;
				CLANG_WARN_NON_LITERAL_NULL_CONVERSION = YES;
				CLANG_WARN_OBJC_IMPLICIT_RETAIN_SELF = YES;
				CLANG_WARN_OBJC_LITERAL_CONVERSION = YES;
				CLANG_WARN_OBJC_ROOT_CLASS = YES_ERROR;
				CLANG_WARN_RANGE_LOOP_ANALYSIS = YES;
				CLANG_WARN_STRICT_PROTOTYPES = YES;
				CLANG_WARN_SUSPICIOUS_MOVE = YES;
				CLANG_WARN_UNGUARDED_AVAILABILITY = YES_AGGRESSIVE;
				CLANG_WARN_UNREACHABLE_CODE = YES;
				CLANG_WARN__DUPLICATE_METHOD_MATCH = YES;
				COPY_PHASE_STRIP = NO;
				DEBUG_INFORMATION_FORMAT = "dwarf-with-dsym";
				ENABLE_NS_ASSERTIONS = NO;
				ENABLE_STRICT_OBJC_MSGSEND = YES;
				GCC_C_LANGUAGE_STANDARD = gnu11;
				GCC_NO_COMMON_BLOCKS = YES;
				GCC_WARN_64_TO_32_BIT_CONVERSION = YES;
				GCC_WARN_ABOUT_RETURN_TYPE = YES_ERROR;
				GCC_WARN_UNDECLARED_SELECTOR = YES;
				GCC_WARN_UNINITIALIZED_AUTOS = YES_AGGRESSIVE;
				GCC_WARN_UNUSED_FUNCTION = YES;
				GCC_WARN_UNUSED_VARIABLE = YES;
				IPHONEOS_DEPLOYMENT_TARGET = 13.4;
				MTL_ENABLE_DEBUG_INFO = NO;
				MTL_FAST_MATH = YES;
				SDKROOT = iphoneos;
				SWIFT_COMPILATION_MODE = wholemodule;
				SWIFT_OPTIMIZATION_LEVEL = "-O";
				VALIDATE_PRODUCT = YES;
			};
			name = Release;
		};
		DD5357C6243A1955001EFFD0 /* Debug */ = {
			isa = XCBuildConfiguration;
			buildSettings = {
				ASSETCATALOG_COMPILER_APPICON_NAME = AppIcon;
				CODE_SIGN_STYLE = Automatic;
				DEVELOPMENT_TEAM = 56V8MXAU3P;
				INFOPLIST_FILE = JaviMarMemes/Info.plist;
				IPHONEOS_DEPLOYMENT_TARGET = 13.4;
				LD_RUNPATH_SEARCH_PATHS = (
					"$(inherited)",
					"@executable_path/Frameworks",
				);
				PRODUCT_BUNDLE_IDENTIFIER = eu.javimar.JaviMarMemes;
				PRODUCT_NAME = "$(TARGET_NAME)";
				SWIFT_VERSION = 5.0;
				TARGETED_DEVICE_FAMILY = "1,2";
			};
			name = Debug;
		};
		DD5357C7243A1955001EFFD0 /* Release */ = {
			isa = XCBuildConfiguration;
			buildSettings = {
				ASSETCATALOG_COMPILER_APPICON_NAME = AppIcon;
				CODE_SIGN_STYLE = Automatic;
				DEVELOPMENT_TEAM = 56V8MXAU3P;
				INFOPLIST_FILE = JaviMarMemes/Info.plist;
				IPHONEOS_DEPLOYMENT_TARGET = 13.4;
				LD_RUNPATH_SEARCH_PATHS = (
					"$(inherited)",
					"@executable_path/Frameworks",
				);
				PRODUCT_BUNDLE_IDENTIFIER = eu.javimar.JaviMarMemes;
				PRODUCT_NAME = "$(TARGET_NAME)";
				SWIFT_VERSION = 5.0;
				TARGETED_DEVICE_FAMILY = "1,2";
			};
			name = Release;
		};
/* End XCBuildConfiguration section */

/* Begin XCConfigurationList section */
		DD5357AC243A194E001EFFD0 /* Build configuration list for PBXProject "JaviMarMemes" */ = {
			isa = XCConfigurationList;
			buildConfigurations = (
				DD5357C3243A1955001EFFD0 /* Debug */,
				DD5357C4243A1955001EFFD0 /* Release */,
			);
			defaultConfigurationIsVisible = 0;
			defaultConfigurationName = Release;
		};
		DD5357C5243A1955001EFFD0 /* Build configuration list for PBXNativeTarget "JaviMarMemes" */ = {
			isa = XCConfigurationList;
			buildConfigurations = (
				DD5357C6243A1955001EFFD0 /* Debug */,
				DD5357C7243A1955001EFFD0 /* Release */,
			);
			defaultConfigurationIsVisible = 0;
			defaultConfigurationName = Release;
		};
/* End XCConfigurationList section */
	};
	rootObject = DD5357A9243A194E001EFFD0 /* Project object */;
}
